
Microsoft Visual Studio Solution File, Format Version 12.00
# Visual Studio Version 17
VisualStudioVersion = 17.0.32014.148
MinimumVisualStudioVersion = 10.0.40219.1
Project("{FAE04EC0-301F-11D3-BF4B-00C04F79EFBC}") = "CSharp_Tutorials", "CSharp_Tutorials\CSharp_Tutorials.csproj", "{4F91D769-C6CA-46C2-9CDF-92A7CC939CF5}"
EndProject
Global
	GlobalSection(SolutionConfigurationPlatforms) = preSolution
		Debug|Any CPU = Debug|Any CPU
		Release|Any CPU = Release|Any CPU
	EndGlobalSection
	GlobalSection(ProjectConfigurationPlatforms) = postSolution
		{4F91D769-C6CA-46C2-9CDF-92A7CC939CF5}.Debug|Any CPU.ActiveCfg = Debug|Any CPU
		{4F91D769-C6CA-46C2-9CDF-92A7CC939CF5}.Debug|Any CPU.Build.0 = Debug|Any CPU
		{4F91D769-C6CA-46C2-9CDF-92A7CC939CF5}.Release|Any CPU.ActiveCfg = Release|Any CPU
		{4F91D769-C6CA-46C2-9CDF-92A7CC939CF5}.Release|Any CPU.Build.0 = Release|Any CPU
	EndGlobalSection
	GlobalSection(SolutionProperties) = preSolution
		HideSolutionNode = FALSE
	EndGlobalSection
	GlobalSection(ExtensibilityGlobals) = postSolution
		SolutionGuid = {51990D63-5658-4E8C-B2AE-1197B8E136ED}
	EndGlobalSection
EndGlobal
